// !$*UTF8*$!
{
	archiveVersion = 1;
	classes = {
	};
	objectVersion = 50;
	objects = {

/* Begin PBXBuildFile section */
		D59ED5B726BBEDB900EB713D /* AppDelegate.swift in Sources */ = {isa = PBXBuildFile; fileRef = D59ED5B626BBEDB900EB713D /* AppDelegate.swift */; };
		D59ED5B926BBEDB900EB713D /* SceneDelegate.swift in Sources */ = {isa = PBXBuildFile; fileRef = D59ED5B826BBEDB900EB713D /* SceneDelegate.swift */; };
		D59ED5BB26BBEDB900EB713D /* ViewController.swift in Sources */ = {isa = PBXBuildFile; fileRef = D59ED5BA26BBEDB900EB713D /* ViewController.swift */; };
		D59ED5BE26BBEDB900EB713D /* Main.storyboard in Resources */ = {isa = PBXBuildFile; fileRef = D59ED5BC26BBEDB900EB713D /* Main.storyboard */; };
		D59ED5C026BBEDE400EB713D /* Assets.xcassets in Resources */ = {isa = PBXBuildFile; fileRef = D59ED5BF26BBEDE400EB713D /* Assets.xcassets */; };
		D59ED5C326BBEDE400EB713D /* LaunchScreen.storyboard in Resources */ = {isa = PBXBuildFile; fileRef = D59ED5C126BBEDE400EB713D /* LaunchScreen.storyboard */; };
		D59ED5CE26BBEDE700EB713D /* SingleTonSwiftTests.swift in Sources */ = {isa = PBXBuildFile; fileRef = D59ED5CD26BBEDE700EB713D /* SingleTonSwiftTests.swift */; };
		D59ED5D926BBEDE800EB713D /* SingleTonSwiftUITests.swift in Sources */ = {isa = PBXBuildFile; fileRef = D59ED5D826BBEDE800EB713D /* SingleTonSwiftUITests.swift */; };
/* End PBXBuildFile section */

/* Begin PBXContainerItemProxy section */
		D59ED5CA26BBEDE700EB713D /* PBXContainerItemProxy */ = {
			isa = PBXContainerItemProxy;
			containerPortal = D59ED5AB26BBEDB800EB713D /* Project object */;
			proxyType = 1;
			remoteGlobalIDString = D59ED5B226BBEDB800EB713D;
			remoteInfo = SingleTonSwift;
		};
		D59ED5D526BBEDE800EB713D /* PBXContainerItemProxy */ = {
			isa = PBXContainerItemProxy;
			containerPortal = D59ED5AB26BBEDB800EB713D /* Project object */;
			proxyType = 1;
			remoteGlobalIDString = D59ED5B226BBEDB800EB713D;
			remoteInfo = SingleTonSwift;
		};
/* End PBXContainerItemProxy section */

/* Begin PBXFileReference section */
		D59ED5B326BBEDB800EB713D /* SingleTonSwift.app */ = {isa = PBXFileReference; explicitFileType = wrapper.application; includeInIndex = 0; path = SingleTonSwift.app; sourceTree = BUILT_PRODUCTS_DIR; };
		D59ED5B626BBEDB900EB713D /* AppDelegate.swift */ = {isa = PBXFileReference; lastKnownFileType = sourcecode.swift; path = AppDelegate.swift; sourceTree = "<group>"; };
		D59ED5B826BBEDB900EB713D /* SceneDelegate.swift */ = {isa = PBXFileReference; lastKnownFileType = sourcecode.swift; path = SceneDelegate.swift; sourceTree = "<group>"; };
		D59ED5BA26BBEDB900EB713D /* ViewController.swift */ = {isa = PBXFileReference; lastKnownFileType = sourcecode.swift; path = ViewController.swift; sourceTree = "<group>"; };
		D59ED5BD26BBEDB900EB713D /* Base */ = {isa = PBXFileReference; lastKnownFileType = file.storyboard; name = Base; path = Base.lproj/Main.storyboard; sourceTree = "<group>"; };
		D59ED5BF26BBEDE400EB713D /* Assets.xcassets */ = {isa = PBXFileReference; lastKnownFileType = folder.assetcatalog; path = Assets.xcassets; sourceTree = "<group>"; };
		D59ED5C226BBEDE400EB713D /* Base */ = {isa = PBXFileReference; lastKnownFileType = file.storyboard; name = Base; path = Base.lproj/LaunchScreen.storyboard; sourceTree = "<group>"; };
		D59ED5C426BBEDE400EB713D /* Info.plist */ = {isa = PBXFileReference; lastKnownFileType = text.plist.xml; path = Info.plist; sourceTree = "<group>"; };
		D59ED5C926BBEDE700EB713D /* SingleTonSwiftTests.xctest */ = {isa = PBXFileReference; explicitFileType = wrapper.cfbundle; includeInIndex = 0; path = SingleTonSwiftTests.xctest; sourceTree = BUILT_PRODUCTS_DIR; };
		D59ED5CD26BBEDE700EB713D /* SingleTonSwiftTests.swift */ = {isa = PBXFileReference; lastKnownFileType = sourcecode.swift; path = SingleTonSwiftTests.swift; sourceTree = "<group>"; };
		D59ED5CF26BBEDE800EB713D /* Info.plist */ = {isa = PBXFileReference; lastKnownFileType = text.plist.xml; path = Info.plist; sourceTree = "<group>"; };
		D59ED5D426BBEDE800EB713D /* SingleTonSwiftUITests.xctest */ = {isa = PBXFileReference; explicitFileType = wrapper.cfbundle; includeInIndex = 0; path = SingleTonSwiftUITests.xctest; sourceTree = BUILT_PRODUCTS_DIR; };
		D59ED5D826BBEDE800EB713D /* SingleTonSwiftUITests.swift */ = {isa = PBXFileReference; lastKnownFileType = sourcecode.swift; path = SingleTonSwiftUITests.swift; sourceTree = "<group>"; };
		D59ED5DA26BBEDE800EB713D /* Info.plist */ = {isa = PBXFileReference; lastKnownFileType = text.plist.xml; path = Info.plist; sourceTree = "<group>"; };
/* End PBXFileReference section */

/* Begin PBXFrameworksBuildPhase section */
		D59ED5B026BBEDB800EB713D /* Frameworks */ = {
			isa = PBXFrameworksBuildPhase;
			buildActionMask = 2147483647;
			files = (
			);
			runOnlyForDeploymentPostprocessing = 0;
		};
		D59ED5C626BBEDE700EB713D /* Frameworks */ = {
			isa = PBXFrameworksBuildPhase;
			buildActionMask = 2147483647;
			files = (
			);
			runOnlyForDeploymentPostprocessing = 0;
		};
		D59ED5D126BBEDE800EB713D /* Frameworks */ = {
			isa = PBXFrameworksBuildPhase;
			buildActionMask = 2147483647;
			files = (
			);
			runOnlyForDeploymentPostprocessing = 0;
		};
/* End PBXFrameworksBuildPhase section */

/* Begin PBXGroup section */
		D59ED5AA26BBEDB800EB713D = {
			isa = PBXGroup;
			children = (
				D59ED5B526BBEDB800EB713D /* SingleTonSwift */,
				D59ED5CC26BBEDE700EB713D /* SingleTonSwiftTests */,
				D59ED5D726BBEDE800EB713D /* SingleTonSwiftUITests */,
				D59ED5B426BBEDB800EB713D /* Products */,
			);
			sourceTree = "<group>";
		};
		D59ED5B426BBEDB800EB713D /* Products */ = {
			isa = PBXGroup;
			children = (
				D59ED5B326BBEDB800EB713D /* SingleTonSwift.app */,
				D59ED5C926BBEDE700EB713D /* SingleTonSwiftTests.xctest */,
				D59ED5D426BBEDE800EB713D /* SingleTonSwiftUITests.xctest */,
			);
			name = Products;
			sourceTree = "<group>";
		};
		D59ED5B526BBEDB800EB713D /* SingleTonSwift */ = {
			isa = PBXGroup;
			children = (
				D59ED5B626BBEDB900EB713D /* AppDelegate.swift */,
				D59ED5B826BBEDB900EB713D /* SceneDelegate.swift */,
				D59ED5BA26BBEDB900EB713D /* ViewController.swift */,
				D59ED5BC26BBEDB900EB713D /* Main.storyboard */,
				D59ED5BF26BBEDE400EB713D /* Assets.xcassets */,
				D59ED5C126BBEDE400EB713D /* LaunchScreen.storyboard */,
				D59ED5C426BBEDE400EB713D /* Info.plist */,
			);
			path = SingleTonSwift;
			sourceTree = "<group>";
		};
		D59ED5CC26BBEDE700EB713D /* SingleTonSwiftTests */ = {
			isa = PBXGroup;
			children = (
				D59ED5CD26BBEDE700EB713D /* SingleTonSwiftTests.swift */,
				D59ED5CF26BBEDE800EB713D /* Info.plist */,
			);
			path = SingleTonSwiftTests;
			sourceTree = "<group>";
		};
		D59ED5D726BBEDE800EB713D /* SingleTonSwiftUITests */ = {
			isa = PBXGroup;
			children = (
				D59ED5D826BBEDE800EB713D /* SingleTonSwiftUITests.swift */,
				D59ED5DA26BBEDE800EB713D /* Info.plist */,
			);
			path = SingleTonSwiftUITests;
			sourceTree = "<group>";
		};
/* End PBXGroup section */

/* Begin PBXNativeTarget section */
		D59ED5B226BBEDB800EB713D /* SingleTonSwift */ = {
			isa = PBXNativeTarget;
			buildConfigurationList = D59ED5DD26BBEDE800EB713D /* Build configuration list for PBXNativeTarget "SingleTonSwift" */;
			buildPhases = (
				D59ED5AF26BBEDB800EB713D /* Sources */,
				D59ED5B026BBEDB800EB713D /* Frameworks */,
				D59ED5B126BBEDB800EB713D /* Resources */,
			);
			buildRules = (
			);
			dependencies = (
			);
			name = SingleTonSwift;
			productName = SingleTonSwift;
			productReference = D59ED5B326BBEDB800EB713D /* SingleTonSwift.app */;
			productType = "com.apple.product-type.application";
		};
		D59ED5C826BBEDE700EB713D /* SingleTonSwiftTests */ = {
			isa = PBXNativeTarget;
			buildConfigurationList = D59ED5E026BBEDE800EB713D /* Build configuration list for PBXNativeTarget "SingleTonSwiftTests" */;
			buildPhases = (
				D59ED5C526BBEDE700EB713D /* Sources */,
				D59ED5C626BBEDE700EB713D /* Frameworks */,
				D59ED5C726BBEDE700EB713D /* Resources */,
			);
			buildRules = (
			);
			dependencies = (
				D59ED5CB26BBEDE700EB713D /* PBXTargetDependency */,
			);
			name = SingleTonSwiftTests;
			productName = SingleTonSwiftTests;
			productReference = D59ED5C926BBEDE700EB713D /* SingleTonSwiftTests.xctest */;
			productType = "com.apple.product-type.bundle.unit-test";
		};
		D59ED5D326BBEDE800EB713D /* SingleTonSwiftUITests */ = {
			isa = PBXNativeTarget;
			buildConfigurationList = D59ED5E326BBEDE800EB713D /* Build configuration list for PBXNativeTarget "SingleTonSwiftUITests" */;
			buildPhases = (
				D59ED5D026BBEDE800EB713D /* Sources */,
				D59ED5D126BBEDE800EB713D /* Frameworks */,
				D59ED5D226BBEDE800EB713D /* Resources */,
			);
			buildRules = (
			);
			dependencies = (
				D59ED5D626BBEDE800EB713D /* PBXTargetDependency */,
			);
			name = SingleTonSwiftUITests;
			productName = SingleTonSwiftUITests;
			productReference = D59ED5D426BBEDE800EB713D /* SingleTonSwiftUITests.xctest */;
			productType = "com.apple.product-type.bundle.ui-testing";
		};
/* End PBXNativeTarget section */

/* Begin PBXProject section */
		D59ED5AB26BBEDB800EB713D /* Project object */ = {
			isa = PBXProject;
			attributes = {
				LastSwiftUpdateCheck = 1230;
				LastUpgradeCheck = 1230;
				TargetAttributes = {
					D59ED5B226BBEDB800EB713D = {
						CreatedOnToolsVersion = 12.3;
					};
					D59ED5C826BBEDE700EB713D = {
						CreatedOnToolsVersion = 12.3;
						TestTargetID = D59ED5B226BBEDB800EB713D;
					};
					D59ED5D326BBEDE800EB713D = {
						CreatedOnToolsVersion = 12.3;
						TestTargetID = D59ED5B226BBEDB800EB713D;
					};
				};
			};
			buildConfigurationList = D59ED5AE26BBEDB800EB713D /* Build configuration list for PBXProject "SingleTonSwift" */;
			compatibilityVersion = "Xcode 9.3";
			developmentRegion = en;
			hasScannedForEncodings = 0;
			knownRegions = (
				en,
				Base,
			);
			mainGroup = D59ED5AA26BBEDB800EB713D;
			productRefGroup = D59ED5B426BBEDB800EB713D /* Products */;
			projectDirPath = "";
			projectRoot = "";
			targets = (
				D59ED5B226BBEDB800EB713D /* SingleTonSwift */,
				D59ED5C826BBEDE700EB713D /* SingleTonSwiftTests */,
				D59ED5D326BBEDE800EB713D /* SingleTonSwiftUITests */,
			);
		};
/* End PBXProject section */

/* Begin PBXResourcesBuildPhase section */
		D59ED5B126BBEDB800EB713D /* Resources */ = {
			isa = PBXResourcesBuildPhase;
			buildActionMask = 2147483647;
			files = (
				D59ED5C326BBEDE400EB713D /* LaunchScreen.storyboard in Resources */,
				D59ED5C026BBEDE400EB713D /* Assets.xcassets in Resources */,
				D59ED5BE26BBEDB900EB713D /* Main.storyboard in Resources */,
			);
			runOnlyForDeploymentPostprocessing = 0;
		};
		D59ED5C726BBEDE700EB713D /* Resources */ = {
			isa = PBXResourcesBuildPhase;
			buildActionMask = 2147483647;
			files = (
			);
			runOnlyForDeploymentPostprocessing = 0;
		};
		D59ED5D226BBEDE800EB713D /* Resources */ = {
			isa = PBXResourcesBuildPhase;
			buildActionMask = 2147483647;
			files = (
			);
			runOnlyForDeploymentPostprocessing = 0;
		};
/* End PBXResourcesBuildPhase section */

/* Begin PBXSourcesBuildPhase section */
		D59ED5AF26BBEDB800EB713D /* Sources */ = {
			isa = PBXSourcesBuildPhase;
			buildActionMask = 2147483647;
			files = (
				D59ED5BB26BBEDB900EB713D /* ViewController.swift in Sources */,
				D59ED5B726BBEDB900EB713D /* AppDelegate.swift in Sources */,
				D59ED5B926BBEDB900EB713D /* SceneDelegate.swift in Sources */,
			);
			runOnlyForDeploymentPostprocessing = 0;
		};
		D59ED5C526BBEDE700EB713D /* Sources */ = {
			isa = PBXSourcesBuildPhase;
			buildActionMask = 2147483647;
			files = (
				D59ED5CE26BBEDE700EB713D /* SingleTonSwiftTests.swift in Sources */,
			);
			runOnlyForDeploymentPostprocessing = 0;
		};
		D59ED5D026BBEDE800EB713D /* Sources */ = {
			isa = PBXSourcesBuildPhase;
			buildActionMask = 2147483647;
			files = (
				D59ED5D926BBEDE800EB713D /* SingleTonSwiftUITests.swift in Sources */,
			);
			runOnlyForDeploymentPostprocessing = 0;
		};
/* End PBXSourcesBuildPhase section */

/* Begin PBXTargetDependency section */
		D59ED5CB26BBEDE700EB713D /* PBXTargetDependency */ = {
			isa = PBXTargetDependency;
			target = D59ED5B226BBEDB800EB713D /* SingleTonSwift */;
			targetProxy = D59ED5CA26BBEDE700EB713D /* PBXContainerItemProxy */;
		};
		D59ED5D626BBEDE800EB713D /* PBXTargetDependency */ = {
			isa = PBXTargetDependency;
			target = D59ED5B226BBEDB800EB713D /* SingleTonSwift */;
			targetProxy = D59ED5D526BBEDE800EB713D /* PBXContainerItemProxy */;
		};
/* End PBXTargetDependency section */

/* Begin PBXVariantGroup section */
		D59ED5BC26BBEDB900EB713D /* Main.storyboard */ = {
			isa = PBXVariantGroup;
			children = (
				D59ED5BD26BBEDB900EB713D /* Base */,
			);
			name = Main.storyboard;
			sourceTree = "<group>";
		};
		D59ED5C126BBEDE400EB713D /* LaunchScreen.storyboard */ = {
			isa = PBXVariantGroup;
			children = (
				D59ED5C226BBEDE400EB713D /* Base */,
			);
			name = LaunchScreen.storyboard;
			sourceTree = "<group>";
		};
/* End PBXVariantGroup section */

/* Begin XCBuildConfiguration section */
		D59ED5DB26BBEDE800EB713D /* Debug */ = {
			isa = XCBuildConfiguration;
			buildSettings = {
				ALWAYS_SEARCH_USER_PATHS = NO;
				CLANG_ANALYZER_NONNULL = YES;
				CLANG_ANALYZER_NUMBER_OBJECT_CONVERSION = YES_AGGRESSIVE;
				CLANG_CXX_LANGUAGE_STANDARD = "gnu++14";
				CLANG_CXX_LIBRARY = "libc++";
				CLANG_ENABLE_MODULES = YES;
				CLANG_ENABLE_OBJC_ARC = YES;
				CLANG_ENABLE_OBJC_WEAK = YES;
				CLANG_WARN_BLOCK_CAPTURE_AUTORELEASING = YES;
				CLANG_WARN_BOOL_CONVERSION = YES;
				CLANG_WARN_COMMA = YES;
				CLANG_WARN_CONSTANT_CONVERSION = YES;
				CLANG_WARN_DEPRECATED_OBJC_IMPLEMENTATIONS = YES;
				CLANG_WARN_DIRECT_OBJC_ISA_USAGE = YES_ERROR;
				CLANG_WARN_DOCUMENTATION_COMMENTS = YES;
				CLANG_WARN_EMPTY_BODY = YES;
				CLANG_WARN_ENUM_CONVERSION = YES;
				CLANG_WARN_INFINITE_RECURSION = YES;
				CLANG_WARN_INT_CONVERSION = YES;
				CLANG_WARN_NON_LITERAL_NULL_CONVERSION = YES;
				CLANG_WARN_OBJC_IMPLICIT_RETAIN_SELF = YES;
				CLANG_WARN_OBJC_LITERAL_CONVERSION = YES;
				CLANG_WARN_OBJC_ROOT_CLASS = YES_ERROR;
				CLANG_WARN_QUOTED_INCLUDE_IN_FRAMEWORK_HEADER = YES;
				CLANG_WARN_RANGE_LOOP_ANALYSIS = YES;
				CLANG_WARN_STRICT_PROTOTYPES = YES;
				CLANG_WARN_SUSPICIOUS_MOVE = YES;
				CLANG_WARN_UNGUARDED_AVAILABILITY = YES_AGGRESSIVE;
				CLANG_WARN_UNREACHABLE_CODE = YES;
				CLANG_WARN__DUPLICATE_METHOD_MATCH = YES;
				COPY_PHASE_STRIP = NO;
				DEBUG_INFORMATION_FORMAT = dwarf;
				ENABLE_STRICT_OBJC_MSGSEND = YES;
				ENABLE_TESTABILITY = YES;
				GCC_C_LANGUAGE_STANDARD = gnu11;
				GCC_DYNAMIC_NO_PIC = NO;
				GCC_NO_COMMON_BLOCKS = YES;
				GCC_OPTIMIZATION_LEVEL = 0;
				GCC_PREPROCESSOR_DEFINITIONS = (
					"DEBUG=1",
					"$(inherited)",
				);
				GCC_WARN_64_TO_32_BIT_CONVERSION = YES;
				GCC_WARN_ABOUT_RETURN_TYPE = YES_ERROR;
				GCC_WARN_UNDECLARED_SELECTOR = YES;
				GCC_WARN_UNINITIALIZED_AUTOS = YES_AGGRESSIVE;
				GCC_WARN_UNUSED_FUNCTION = YES;
				GCC_WARN_UNUSED_VARIABLE = YES;
				IPHONEOS_DEPLOYMENT_TARGET = 14.3;
				MTL_ENABLE_DEBUG_INFO = INCLUDE_SOURCE;
				MTL_FAST_MATH = YES;
				ONLY_ACTIVE_ARCH = YES;
				SDKROOT = iphoneos;
				SWIFT_ACTIVE_COMPILATION_CONDITIONS = DEBUG;
				SWIFT_OPTIMIZATION_LEVEL = "-Onone";
			};
			name = Debug;
		};
		D59ED5DC26BBEDE800EB713D /* Release */ = {
			isa = XCBuildConfiguration;
			buildSettings = {
				ALWAYS_SEARCH_USER_PATHS = NO;
				CLANG_ANALYZER_NONNULL = YES;
				CLANG_ANALYZER_NUMBER_OBJECT_CONVERSION = YES_AGGRESSIVE;
				CLANG_CXX_LANGUAGE_STANDARD = "gnu++14";
				CLANG_CXX_LIBRARY = "libc++";
				CLANG_ENABLE_MODULES = YES;
				CLANG_ENABLE_OBJC_ARC = YES;
				CLANG_ENABLE_OBJC_WEAK = YES;
				CLANG_WARN_BLOCK_CAPTURE_AUTORELEASING = YES;
				CLANG_WARN_BOOL_CONVERSION = YES;
				CLANG_WARN_COMMA = YES;
				CLANG_WARN_CONSTANT_CONVERSION = YES;
				CLANG_WARN_DEPRECATED_OBJC_IMPLEMENTATIONS = YES;
				CLANG_WARN_DIRECT_OBJC_ISA_USAGE = YES_ERROR;
				CLANG_WARN_DOCUMENTATION_COMMENTS = YES;
				CLANG_WARN_EMPTY_BODY = YES;
				CLANG_WARN_ENUM_CONVERSION = YES;
				CLANG_WARN_INFINITE_RECURSION = YES;
				CLANG_WARN_INT_CONVERSION = YES;
				CLANG_WARN_NON_LITERAL_NULL_CONVERSION = YES;
				CLANG_WARN_OBJC_IMPLICIT_RETAIN_SELF = YES;
				CLANG_WARN_OBJC_LITERAL_CONVERSION = YES;
				CLANG_WARN_OBJC_ROOT_CLASS = YES_ERROR;
				CLANG_WARN_QUOTED_INCLUDE_IN_FRAMEWORK_HEADER = YES;
				CLANG_WARN_RANGE_LOOP_ANALYSIS = YES;
				CLANG_WARN_STRICT_PROTOTYPES = YES;
				CLANG_WARN_SUSPICIOUS_MOVE = YES;
				CLANG_WARN_UNGUARDED_AVAILABILITY = YES_AGGRESSIVE;
				CLANG_WARN_UNREACHABLE_CODE = YES;
				CLANG_WARN__DUPLICATE_METHOD_MATCH = YES;
				COPY_PHASE_STRIP = NO;
				DEBUG_INFORMATION_FORMAT = "dwarf-with-dsym";
				ENABLE_NS_ASSERTIONS = NO;
				ENABLE_STRICT_OBJC_MSGSEND = YES;
				GCC_C_LANGUAGE_STANDARD = gnu11;
				GCC_NO_COMMON_BLOCKS = YES;
				GCC_WARN_64_TO_32_BIT_CONVERSION = YES;
				GCC_WARN_ABOUT_RETURN_TYPE = YES_ERROR;
				GCC_WARN_UNDECLARED_SELECTOR = YES;
				GCC_WARN_UNINITIALIZED_AUTOS = YES_AGGRESSIVE;
				GCC_WARN_UNUSED_FUNCTION = YES;
				GCC_WARN_UNUSED_VARIABLE = YES;
				IPHONEOS_DEPLOYMENT_TARGET = 14.3;
				MTL_ENABLE_DEBUG_INFO = NO;
				MTL_FAST_MATH = YES;
				SDKROOT = iphoneos;
				SWIFT_COMPILATION_MODE = wholemodule;
				SWIFT_OPTIMIZATION_LEVEL = "-O";
				VALIDATE_PRODUCT = YES;
			};
			name = Release;
		};
		D59ED5DE26BBEDE800EB713D /* Debug */ = {
			isa = XCBuildConfiguration;
			buildSettings = {
				ASSETCATALOG_COMPILER_APPICON_NAME = AppIcon;
				ASSETCATALOG_COMPILER_GLOBAL_ACCENT_COLOR_NAME = AccentColor;
				CODE_SIGN_STYLE = Automatic;
				DEVELOPMENT_TEAM = A9M3WT593R;
				INFOPLIST_FILE = SingleTonSwift/Info.plist;
				LD_RUNPATH_SEARCH_PATHS = (
					"$(inherited)",
					"@executable_path/Frameworks",
				);
				PRODUCT_BUNDLE_IDENTIFIER = com.microsoft.identitysample.SingleTonSwift;
				PRODUCT_NAME = "$(TARGET_NAME)";
				SWIFT_VERSION = 5.0;
				TARGETED_DEVICE_FAMILY = "1,2";
			};
			name = Debug;
		};
		D59ED5DF26BBEDE800EB713D /* Release */ = {
			isa = XCBuildConfiguration;
			buildSettings = {
				ASSETCATALOG_COMPILER_APPICON_NAME = AppIcon;
				ASSETCATALOG_COMPILER_GLOBAL_ACCENT_COLOR_NAME = AccentColor;
				CODE_SIGN_STYLE = Automatic;
				DEVELOPMENT_TEAM = A9M3WT593R;
				INFOPLIST_FILE = SingleTonSwift/Info.plist;
				LD_RUNPATH_SEARCH_PATHS = (
					"$(inherited)",
					"@executable_path/Frameworks",
				);
				PRODUCT_BUNDLE_IDENTIFIER = com.microsoft.identitysample.SingleTonSwift;
				PRODUCT_NAME = "$(TARGET_NAME)";
				SWIFT_VERSION = 5.0;
				TARGETED_DEVICE_FAMILY = "1,2";
			};
			name = Release;
		};
		D59ED5E126BBEDE800EB713D /* Debug */ = {
			isa = XCBuildConfiguration;
			buildSettings = {
				ALWAYS_EMBED_SWIFT_STANDARD_LIBRARIES = YES;
				BUNDLE_LOADER = "$(TEST_HOST)";
				CODE_SIGN_STYLE = Automatic;
				DEVELOPMENT_TEAM = A9M3WT593R;
				INFOPLIST_FILE = SingleTonSwiftTests/Info.plist;
				IPHONEOS_DEPLOYMENT_TARGET = 14.3;
				LD_RUNPATH_SEARCH_PATHS = (
					"$(inherited)",
					"@executable_path/Frameworks",
					"@loader_path/Frameworks",
				);
				PRODUCT_BUNDLE_IDENTIFIER = com.microsoft.identitysample.SingleTonSwiftTests;
				PRODUCT_NAME = "$(TARGET_NAME)";
				SWIFT_VERSION = 5.0;
				TARGETED_DEVICE_FAMILY = "1,2";
				TEST_HOST = "$(BUILT_PRODUCTS_DIR)/SingleTonSwift.app/SingleTonSwift";
			};
			name = Debug;
		};
		D59ED5E226BBEDE800EB713D /* Release */ = {
			isa = XCBuildConfiguration;
			buildSettings = {
				ALWAYS_EMBED_SWIFT_STANDARD_LIBRARIES = YES;
				BUNDLE_LOADER = "$(TEST_HOST)";
				CODE_SIGN_STYLE = Automatic;
				DEVELOPMENT_TEAM = A9M3WT593R;
				INFOPLIST_FILE = SingleTonSwiftTests/Info.plist;
				IPHONEOS_DEPLOYMENT_TARGET = 14.3;
				LD_RUNPATH_SEARCH_PATHS = (
					"$(inherited)",
					"@executable_path/Frameworks",
					"@loader_path/Frameworks",
				);
				PRODUCT_BUNDLE_IDENTIFIER = com.microsoft.identitysample.SingleTonSwiftTests;
				PRODUCT_NAME = "$(TARGET_NAME)";
				SWIFT_VERSION = 5.0;
				TARGETED_DEVICE_FAMILY = "1,2";
				TEST_HOST = "$(BUILT_PRODUCTS_DIR)/SingleTonSwift.app/SingleTonSwift";
			};
			name = Release;
		};
		D59ED5E426BBEDE800EB713D /* Debug */ = {
			isa = XCBuildConfiguration;
			buildSettings = {
				ALWAYS_EMBED_SWIFT_STANDARD_LIBRARIES = YES;
				CODE_SIGN_STYLE = Automatic;
				DEVELOPMENT_TEAM = A9M3WT593R;
				INFOPLIST_FILE = SingleTonSwiftUITests/Info.plist;
				LD_RUNPATH_SEARCH_PATHS = (
					"$(inherited)",
					"@executable_path/Frameworks",
					"@loader_path/Frameworks",
				);
				PRODUCT_BUNDLE_IDENTIFIER = com.microsoft.identitysample.SingleTonSwiftUITests;
				PRODUCT_NAME = "$(TARGET_NAME)";
				SWIFT_VERSION = 5.0;
				TARGETED_DEVICE_FAMILY = "1,2";
				TEST_TARGET_NAME = SingleTonSwift;
			};
			name = Debug;
		};
		D59ED5E526BBEDE800EB713D /* Release */ = {
			isa = XCBuildConfiguration;
			buildSettings = {
				ALWAYS_EMBED_SWIFT_STANDARD_LIBRARIES = YES;
				CODE_SIGN_STYLE = Automatic;
				DEVELOPMENT_TEAM = A9M3WT593R;
				INFOPLIST_FILE = SingleTonSwiftUITests/Info.plist;
				LD_RUNPATH_SEARCH_PATHS = (
					"$(inherited)",
					"@executable_path/Frameworks",
					"@loader_path/Frameworks",
				);
				PRODUCT_BUNDLE_IDENTIFIER = com.microsoft.identitysample.SingleTonSwiftUITests;
				PRODUCT_NAME = "$(TARGET_NAME)";
				SWIFT_VERSION = 5.0;
				TARGETED_DEVICE_FAMILY = "1,2";
				TEST_TARGET_NAME = SingleTonSwift;
			};
			name = Release;
		};
/* End XCBuildConfiguration section */

/* Begin XCConfigurationList section */
		D59ED5AE26BBEDB800EB713D /* Build configuration list for PBXProject "SingleTonSwift" */ = {
			isa = XCConfigurationList;
			buildConfigurations = (
				D59ED5DB26BBEDE800EB713D /* Debug */,
				D59ED5DC26BBEDE800EB713D /* Release */,
			);
			defaultConfigurationIsVisible = 0;
			defaultConfigurationName = Release;
		};
		D59ED5DD26BBEDE800EB713D /* Build configuration list for PBXNativeTarget "SingleTonSwift" */ = {
			isa = XCConfigurationList;
			buildConfigurations = (
				D59ED5DE26BBEDE800EB713D /* Debug */,
				D59ED5DF26BBEDE800EB713D /* Release */,
			);
			defaultConfigurationIsVisible = 0;
			defaultConfigurationName = Release;
		};
		D59ED5E026BBEDE800EB713D /* Build configuration list for PBXNativeTarget "SingleTonSwiftTests" */ = {
			isa = XCConfigurationList;
			buildConfigurations = (
				D59ED5E126BBEDE800EB713D /* Debug */,
				D59ED5E226BBEDE800EB713D /* Release */,
			);
			defaultConfigurationIsVisible = 0;
			defaultConfigurationName = Release;
		};
		D59ED5E326BBEDE800EB713D /* Build configuration list for PBXNativeTarget "SingleTonSwiftUITests" */ = {
			isa = XCConfigurationList;
			buildConfigurations = (
				D59ED5E426BBEDE800EB713D /* Debug */,
				D59ED5E526BBEDE800EB713D /* Release */,
			);
			defaultConfigurationIsVisible = 0;
			defaultConfigurationName = Release;
		};
/* End XCConfigurationList section */
	};
	rootObject = D59ED5AB26BBEDB800EB713D /* Project object */;
}
